
Microsoft Visual Studio Solution File, Format Version 12.00
# Visual Studio Version 16
VisualStudioVersion = 16.0.29709.97
MinimumVisualStudioVersion = 10.0.40219.1
Project("{FAE04EC0-301F-11D3-BF4B-00C04F79EFBC}") = "aflving opgave", "aflving opgave\aflving opgave.csproj", "{8BDD2ABD-F20E-40CB-B3B2-B34499B5ED39}"
EndProject
Global
	GlobalSection(SolutionConfigurationPlatforms) = preSolution
		Debug|Any CPU = Debug|Any CPU
		Release|Any CPU = Release|Any CPU
	EndGlobalSection
	GlobalSection(ProjectConfigurationPlatforms) = postSolution
		{8BDD2ABD-F20E-40CB-B3B2-B34499B5ED39}.Debug|Any CPU.ActiveCfg = Debug|Any CPU
		{8BDD2ABD-F20E-40CB-B3B2-B34499B5ED39}.Debug|Any CPU.Build.0 = Debug|Any CPU
		{8BDD2ABD-F20E-40CB-B3B2-B34499B5ED39}.Release|Any CPU.ActiveCfg = Release|Any CPU
		{8BDD2ABD-F20E-40CB-B3B2-B34499B5ED39}.Release|Any CPU.Build.0 = Release|Any CPU
	EndGlobalSection
	GlobalSection(SolutionProperties) = preSolution
		HideSolutionNode = FALSE
	EndGlobalSection
	GlobalSection(ExtensibilityGlobals) = postSolution
		SolutionGuid = {F843C38F-2049-4EAF-9E1D-C30F08093096}
	EndGlobalSection
EndGlobal
